# generated by rye
# use `rye lock` or `rye sync` to update this lockfile
#
# last locked with the following flags:
#   pre: false
#   features: []
#   all-features: false
#   with-sources: false
#   generate-hashes: false
#   universal: false

-e file:.
beautifulsoup4==4.12.3
    # via k-i-no
blinker==1.8.2
    # via flask
certifi==2024.2.2
    # via requests
charset-normalizer==3.3.2
    # via requests
click==8.1.7
    # via flask
contourpy==1.2.1
    # via matplotlib
cycler==0.12.1
    # via matplotlib
defusedxml==0.7.1
    # via odfpy
et-xmlfile==1.1.0
    # via openpyxl
flask==3.0.3
    # via k-i-no
fonttools==4.51.0
    # via matplotlib
idna==3.7
    # via requests
itsdangerous==2.2.0
    # via flask
jinja2==3.1.4
    # via flask
joblib==1.4.2
    # via scikit-learn
kiwisolver==1.4.5
    # via matplotlib
markupsafe==2.1.5
    # via jinja2
    # via werkzeug
matplotlib==3.8.4
    # via k-i-no
numpy==1.26.4
    # via contourpy
    # via matplotlib
    # via pandas
    # via scikit-learn
    # via scipy
odfpy==1.4.1
    # via k-i-no
openpyxl==3.1.2
    # via k-i-no
packaging==24.0
    # via matplotlib
pandas==2.2.2
    # via k-i-no
pillow==10.3.0
    # via matplotlib
pyparsing==3.1.2
    # via matplotlib
python-dateutil==2.9.0.post0
    # via matplotlib
    # via pandas
python-dotenv==1.0.1
    # via k-i-no
pytz==2024.1
    # via pandas
requests==2.31.0
    # via k-i-no
ruff==0.0.285
scikit-learn==1.4.2
    # via k-i-no
scipy==1.13.0
    # via scikit-learn
six==1.16.0
    # via python-dateutil
soupsieve==2.5
    # via beautifulsoup4
threadpoolctl==3.5.0
    # via scikit-learn
tqdm==4.66.4
    # via k-i-no
tzdata==2024.1
    # via pandas
urllib3==2.2.1
    # via requests
werkzeug==3.0.3
    # via flask
xlrd==2.0.1
    # via k-i-no
